lockfileVersion: '9.0'

settings:
  autoInstallPeers: true
  excludeLinksFromLockfile: false

importers:

  .:
    devDependencies:
      ai:
        specifier: 7.0.22
        version: 7.0.22(zod@4.4.3)
      assistant-stream:
        specifier: 0.3.25
        version: 0.3.25
      playwright:
        specifier: ^1.54.2
        version: 1.62.0
      streamfold:
        specifier: workspace:*
        version: link:packages/core
      typescript:
        specifier: ^5.9.3
        version: 5.9.3

  packages/core: {}

packages:

  '@ai-sdk/gateway@4.0.16':
    resolution: {integrity: sha512-9iYxdOLquoOFk5e+02P9qfBIA+EJU0FNJvyjGxi4iXJabt2+GlbaCg7TX0sTtxOsBVkdabkatqWM6+kvp53tBg==}
    engines: {node: '>=22'}
    peerDependencies:
      zod: ^3.25.76 || ^4.1.8

  '@ai-sdk/provider-utils@5.0.7':
    resolution: {integrity: sha512-OSm5/5kdrHa11WIOo5LYgDKnxYWp5aB/wx5EXRHi0jpUGduMDeB6oht9U6p+UNNWIP3F/EqPpV8d7vdP/iRnqg==}
    engines: {node: '>=22'}
    peerDependencies:
      zod: ^3.25.76 || ^4.1.8

  '@ai-sdk/provider@4.0.3':
    resolution: {integrity: sha512-e0CpNWJUY7OxAFAnCZkw+ri9QOHWwTs1tXP42782KFGCU07qt8NiXCrCVowyCB5dP2r5/Uls+g2oPd8kOJn9dw==}
    engines: {node: '>=22'}

  '@standard-schema/spec@1.1.0':
    resolution: {integrity: sha512-l2aFy5jALhniG5HgqrD6jXLi/rUWrKvqN/qJx6yoJsgKhblVd+iqqU4RCXavm/jPityDo5TCvKMnpjKnOriy0w==}

  '@vercel/oidc@3.2.0':
    resolution: {integrity: sha512-UycprH3T6n3jH0k44NHMa7pnFHGu/N05MjojYr+Mc6I7obkoLIJujSWwin1pCvdy/eOxrI/l3uDLQsmcrOb4ug==}
    engines: {node: '>= 20'}

  '@workflow/serde@4.1.0':
    resolution: {integrity: sha512-pav4F2BoirECWR7Nf1TKt+2eETcBj7jj4cBefQ8VXQCA6NPkaKeLfj/zMgi+3zYV5ZIBT4GuUiphsj0/b9hPQQ==}

  ai@7.0.22:
    resolution: {integrity: sha512-iAXYwQtR18qN7GXwNmGVAQM4uSJOh2+nZ5RP9NtDXfH5d4tlYyYzAM133O3U+eVcyWrvNRzecN9yW58xpCdfMg==}
    engines: {node: '>=22'}
    peerDependencies:
      zod: ^3.25.76 || ^4.1.8

  assistant-stream@0.3.25:
    resolution: {integrity: sha512-hOShVxlctNPWbGF4B1BqwM9Snp8NdS13F7sBIfhkCxlKDdX67/ylxNlGLVcB0E24V/U8XM0GlfS9DsVrxRsn8A==}
    peerDependencies:
      ioredis: ^5.10.1
      redis: ^5.12.1
    peerDependenciesMeta:
      ioredis:
        optional: true
      redis:
        optional: true

  eventsource-parser@3.1.0:
    resolution: {integrity: sha512-kJezFj9YFAMLeORyi7aCLxLbD5/qWMQnoMVlVPyHIll7lgRJCc3JVln9Vgl9nwQi0YkMnhdGTMNn7CkRRAptMg==}
    engines: {node: '>=18.0.0'}

  fsevents@2.3.2:
    resolution: {integrity: sha512-xiqMQR4xAeHTuB9uWm+fFRcIOgKBMiOBP+eXiyT7jsgVCq1bkVygt00oASowB7EdtpOHaaPgKt812P9ab+DDKA==}
    engines: {node: ^8.16.0 || ^10.6.0 || >=11.0.0}
    os: [darwin]

  json-schema@0.4.0:
    resolution: {integrity: sha512-es94M3nTIfsEPisRafak+HDLfHXnKBhV3vU5eqPcS3flIWqcxJWgXHXiey3YrpaNsanY5ei1VoYEbOzijuq9BA==}

  nanoid@5.1.16:
    resolution: {integrity: sha512-kVrnsrJqMR8+oLJnGEmSWw9BivK5mt7H3FZatVRjrc5wGqFYuBxX1yG7+A7Gi5AefkX6t/oCkizcQgpu0cY1dQ==}
    engines: {node: ^18 || >=20}
    hasBin: true

  playwright-core@1.62.0:
    resolution: {integrity: sha512-nsNRyq0r2zsG8AcRHWknc9QRA5XCueC7gWMrs+Gx2tlZn9hcl8zudfh00lhJPY1DE7NmZ6bDsT9g2yey8mXljA==}
    engines: {node: '>=20'}
    hasBin: true

  playwright@1.62.0:
    resolution: {integrity: sha512-Z14dG305dgaLu6foB1TXQagFiW8JfSUIUaUuPaKQ6NtBPKF1P/qXcqfh6c6K/icPqdy37JmjbiBXf6JNg6Sylw==}
    engines: {node: '>=20'}
    hasBin: true

  secure-json-parse@4.1.0:
    resolution: {integrity: sha512-l4KnYfEyqYJxDwlNVyRfO2E4NTHfMKAWdUuA8J0yve2Dz/E/PdBepY03RvyJpssIpRFwJoCD55wA+mEDs6ByWA==}

  typescript@5.9.3:
    resolution: {integrity: sha512-jl1vZzPDinLr9eUt3J/t7V6FgNEw9QjvBPdysz9KfQDD41fQrC2Y4vKQdiaUpFT4bXlb1RHhLpp8wtm6M5TgSw==}
    engines: {node: '>=14.17'}
    hasBin: true

  zod@4.4.3:
    resolution: {integrity: sha512-ytENFjIJFl2UwYglde2jchW2Hwm4GJFLDiSXWdTrJQBIN9Fcyp7n4DhxJEiWNAJMV1/BqWfW/kkg71UDcHJyTQ==}

snapshots:

  '@ai-sdk/gateway@4.0.16(zod@4.4.3)':
    dependencies:
      '@ai-sdk/provider': 4.0.3
      '@ai-sdk/provider-utils': 5.0.7(zod@4.4.3)
      '@vercel/oidc': 3.2.0
      zod: 4.4.3

  '@ai-sdk/provider-utils@5.0.7(zod@4.4.3)':
    dependencies:
      '@ai-sdk/provider': 4.0.3
      '@standard-schema/spec': 1.1.0
      '@workflow/serde': 4.1.0
      eventsource-parser: 3.1.0
      zod: 4.4.3

  '@ai-sdk/provider@4.0.3':
    dependencies:
      json-schema: 0.4.0

  '@standard-schema/spec@1.1.0': {}

  '@vercel/oidc@3.2.0': {}

  '@workflow/serde@4.1.0': {}

  ai@7.0.22(zod@4.4.3):
    dependencies:
      '@ai-sdk/gateway': 4.0.16(zod@4.4.3)
      '@ai-sdk/provider': 4.0.3
      '@ai-sdk/provider-utils': 5.0.7(zod@4.4.3)
      zod: 4.4.3

  assistant-stream@0.3.25:
    dependencies:
      '@standard-schema/spec': 1.1.0
      nanoid: 5.1.16
      secure-json-parse: 4.1.0

  eventsource-parser@3.1.0: {}

  fsevents@2.3.2:
    optional: true

  json-schema@0.4.0: {}

  nanoid@5.1.16: {}

  playwright-core@1.62.0: {}

  playwright@1.62.0:
    dependencies:
      playwright-core: 1.62.0
    optionalDependencies:
      fsevents: 2.3.2

  secure-json-parse@4.1.0: {}

  typescript@5.9.3: {}

  zod@4.4.3: {}
